
Microsoft Visual Studio Solution File, Format Version 12.00
# Visual Studio Version 16
VisualStudioVersion = 16.0.28803.352
MinimumVisualStudioVersion = 10.0.40219.1
Project("{FAE04EC0-301F-11D3-BF4B-00C04F79EFBC}") = "WPFLogFilter", "WPFLogFilter\WPFLogFilter.csproj", "{8DE29D18-E198-4FDB-9791-F6040ED70DAB}"
EndProject
Project("{FAE04EC0-301F-11D3-BF4B-00C04F79EFBC}") = "WPFLogFilterTests", "WPFLogFilterTests\WPFLogFilterTests.csproj", "{2D838A59-D2AF-4C7C-9010-3DB3419A5B36}"
EndProject
Project("{54435603-DBB4-11D2-8724-00A0C9A8B90C}") = "WPFLogFilter.Installer", "WPFLogFilter.Installer\WPFLogFilter.Installer.vdproj", "{042BAFB6-5D1E-4C91-8204-7F79FFCA9294}"
EndProject
Global
	GlobalSection(SolutionConfigurationPlatforms) = preSolution
		Debug|Any CPU = Debug|Any CPU
		Debug|x86 = Debug|x86
		Release|Any CPU = Release|Any CPU
		Release|x86 = Release|x86
	EndGlobalSection
	GlobalSection(ProjectConfigurationPlatforms) = postSolution
		{8DE29D18-E198-4FDB-9791-F6040ED70DAB}.Debug|Any CPU.ActiveCfg = Debug|Any CPU
		{8DE29D18-E198-4FDB-9791-F6040ED70DAB}.Debug|Any CPU.Build.0 = Debug|Any CPU
		{8DE29D18-E198-4FDB-9791-F6040ED70DAB}.Debug|x86.ActiveCfg = Debug|Any CPU
		{8DE29D18-E198-4FDB-9791-F6040ED70DAB}.Debug|x86.Build.0 = Debug|Any CPU
		{8DE29D18-E198-4FDB-9791-F6040ED70DAB}.Release|Any CPU.ActiveCfg = Release|Any CPU
		{8DE29D18-E198-4FDB-9791-F6040ED70DAB}.Release|Any CPU.Build.0 = Release|Any CPU
		{8DE29D18-E198-4FDB-9791-F6040ED70DAB}.Release|x86.ActiveCfg = Release|Any CPU
		{8DE29D18-E198-4FDB-9791-F6040ED70DAB}.Release|x86.Build.0 = Release|Any CPU
		{2D838A59-D2AF-4C7C-9010-3DB3419A5B36}.Debug|Any CPU.ActiveCfg = Debug|Any CPU
		{2D838A59-D2AF-4C7C-9010-3DB3419A5B36}.Debug|Any CPU.Build.0 = Debug|Any CPU
		{2D838A59-D2AF-4C7C-9010-3DB3419A5B36}.Debug|x86.ActiveCfg = Debug|Any CPU
		{2D838A59-D2AF-4C7C-9010-3DB3419A5B36}.Debug|x86.Build.0 = Debug|Any CPU
		{2D838A59-D2AF-4C7C-9010-3DB3419A5B36}.Release|Any CPU.ActiveCfg = Release|Any CPU
		{2D838A59-D2AF-4C7C-9010-3DB3419A5B36}.Release|Any CPU.Build.0 = Release|Any CPU
		{2D838A59-D2AF-4C7C-9010-3DB3419A5B36}.Release|x86.ActiveCfg = Release|Any CPU
		{2D838A59-D2AF-4C7C-9010-3DB3419A5B36}.Release|x86.Build.0 = Release|Any CPU
		{042BAFB6-5D1E-4C91-8204-7F79FFCA9294}.Debug|Any CPU.ActiveCfg = Debug
		{042BAFB6-5D1E-4C91-8204-7F79FFCA9294}.Debug|x86.ActiveCfg = Debug
		{042BAFB6-5D1E-4C91-8204-7F79FFCA9294}.Release|Any CPU.ActiveCfg = Release
		{042BAFB6-5D1E-4C91-8204-7F79FFCA9294}.Release|Any CPU.Build.0 = Release
		{042BAFB6-5D1E-4C91-8204-7F79FFCA9294}.Release|x86.ActiveCfg = Release
	EndGlobalSection
	GlobalSection(SolutionProperties) = preSolution
		HideSolutionNode = FALSE
	EndGlobalSection
	GlobalSection(ExtensibilityGlobals) = postSolution
		SolutionGuid = {3769C330-4D43-45FC-ACB5-BD0D1083DCD5}
	EndGlobalSection
	GlobalSection(Performance) = preSolution
		HasPerformanceSessions = true
	EndGlobalSection
EndGlobal
